
Microsoft Visual Studio Solution File, Format Version 12.00
# Visual Studio Version 16
VisualStudioVersion = 16.0.31205.134
MinimumVisualStudioVersion = 10.0.40219.1
Project("{9A19103F-16F7-4668-BE54-9A1E7A4F7556}") = "ConsoleApp", "ConsoleApp\ConsoleApp.csproj", "{EAE0FE45-C9B7-4E4A-B77E-BE1E0FA8572F}"
EndProject
Project("{9A19103F-16F7-4668-BE54-9A1E7A4F7556}") = "ClassLibrary", "ClassLibrary\ClassLibrary.csproj", "{FE049263-F6DD-42CB-AE7F-5E91528B5A57}"
EndProject
Project("{9A19103F-16F7-4668-BE54-9A1E7A4F7556}") = "Wpf", "Wpf\Wpf.csproj", "{E392ACAA-BA88-4D4B-B5EA-1847CB3C92E7}"
EndProject
Global
	GlobalSection(SolutionConfigurationPlatforms) = preSolution
		Debug|Any CPU = Debug|Any CPU
		Release|Any CPU = Release|Any CPU
	EndGlobalSection
	GlobalSection(ProjectConfigurationPlatforms) = postSolution
		{EAE0FE45-C9B7-4E4A-B77E-BE1E0FA8572F}.Debug|Any CPU.ActiveCfg = Debug|Any CPU
		{EAE0FE45-C9B7-4E4A-B77E-BE1E0FA8572F}.Debug|Any CPU.Build.0 = Debug|Any CPU
		{EAE0FE45-C9B7-4E4A-B77E-BE1E0FA8572F}.Release|Any CPU.ActiveCfg = Release|Any CPU
		{EAE0FE45-C9B7-4E4A-B77E-BE1E0FA8572F}.Release|Any CPU.Build.0 = Release|Any CPU
		{FE049263-F6DD-42CB-AE7F-5E91528B5A57}.Debug|Any CPU.ActiveCfg = Debug|Any CPU
		{FE049263-F6DD-42CB-AE7F-5E91528B5A57}.Debug|Any CPU.Build.0 = Debug|Any CPU
		{FE049263-F6DD-42CB-AE7F-5E91528B5A57}.Release|Any CPU.ActiveCfg = Release|Any CPU
		{FE049263-F6DD-42CB-AE7F-5E91528B5A57}.Release|Any CPU.Build.0 = Release|Any CPU
		{E392ACAA-BA88-4D4B-B5EA-1847CB3C92E7}.Debug|Any CPU.ActiveCfg = Debug|Any CPU
		{E392ACAA-BA88-4D4B-B5EA-1847CB3C92E7}.Debug|Any CPU.Build.0 = Debug|Any CPU
		{E392ACAA-BA88-4D4B-B5EA-1847CB3C92E7}.Release|Any CPU.ActiveCfg = Release|Any CPU
		{E392ACAA-BA88-4D4B-B5EA-1847CB3C92E7}.Release|Any CPU.Build.0 = Release|Any CPU
	EndGlobalSection
	GlobalSection(SolutionProperties) = preSolution
		HideSolutionNode = FALSE
	EndGlobalSection
	GlobalSection(ExtensibilityGlobals) = postSolution
		SolutionGuid = {0EC4FA3B-DED9-482C-9FEF-A8617D7335CB}
	EndGlobalSection
EndGlobal
